
Microsoft Visual Studio Solution File, Format Version 12.00
# Visual Studio Version 17
VisualStudioVersion = 17.4.33213.308
MinimumVisualStudioVersion = 10.0.40219.1
Project("{9A19103F-16F7-4668-BE54-9A1E7A4F7556}") = "LeetCodeProblems", "TwoSum\LeetCodeProblems.csproj", "{2E0F5A3E-8FA6-4659-AA46-F6750401B793}"
EndProject
Project("{9A19103F-16F7-4668-BE54-9A1E7A4F7556}") = "Summation_Of_Large_Number", "Summation_Of_Large_Number\Summation_Of_Large_Number.csproj", "{F8FCE306-679B-4935-8B7E-2D0EB2E3BEBE}"
EndProject
Project("{FAE04EC0-301F-11D3-BF4B-00C04F79EFBC}") = "RightRotationOfString", "RightRotationOfString\RightRotationOfString.csproj", "{7159BB5B-84EF-4EFF-8B11-894B5A5CBD0B}"
EndProject
Project("{FAE04EC0-301F-11D3-BF4B-00C04F79EFBC}") = "PatternRelatedProblems", "PatternRelatedProblems\PatternRelatedProblems.csproj", "{B1122CD4-183E-481D-BBE9-0400DC9BDBD6}"
EndProject
Project("{FAE04EC0-301F-11D3-BF4B-00C04F79EFBC}") = "BasicMath", "BasicMath\BasicMath.csproj", "{786F1C02-83ED-49DE-8350-FA3D29AEC506}"
EndProject
Project("{FAE04EC0-301F-11D3-BF4B-00C04F79EFBC}") = "BinarySearch", "BinarySearch\BinarySearch.csproj", "{7F940ABF-4723-4A7D-B11A-CA01043FCFBD}"
EndProject
Project("{FAE04EC0-301F-11D3-BF4B-00C04F79EFBC}") = "Recursion", "Recursion\Recursion.csproj", "{0A304E30-F73A-449B-B2C1-8AE5968DE880}"
EndProject
Project("{FAE04EC0-301F-11D3-BF4B-00C04F79EFBC}") = "ATCoder_391", "ATCoder_391\ATCoder_391.csproj", "{6575130B-127F-4AFB-8CDA-FDA90418324A}"
EndProject
Project("{FAE04EC0-301F-11D3-BF4B-00C04F79EFBC}") = "Sorting1", "Sorting1\Sorting1.csproj", "{5AA42C79-B8AF-4833-99B4-92D9F2FCF4F0}"
EndProject
Global
	GlobalSection(SolutionConfigurationPlatforms) = preSolution
		Debug|Any CPU = Debug|Any CPU
		Release|Any CPU = Release|Any CPU
	EndGlobalSection
	GlobalSection(ProjectConfigurationPlatforms) = postSolution
		{2E0F5A3E-8FA6-4659-AA46-F6750401B793}.Debug|Any CPU.ActiveCfg = Debug|Any CPU
		{2E0F5A3E-8FA6-4659-AA46-F6750401B793}.Debug|Any CPU.Build.0 = Debug|Any CPU
		{2E0F5A3E-8FA6-4659-AA46-F6750401B793}.Release|Any CPU.ActiveCfg = Release|Any CPU
		{2E0F5A3E-8FA6-4659-AA46-F6750401B793}.Release|Any CPU.Build.0 = Release|Any CPU
		{F8FCE306-679B-4935-8B7E-2D0EB2E3BEBE}.Debug|Any CPU.ActiveCfg = Debug|Any CPU
		{F8FCE306-679B-4935-8B7E-2D0EB2E3BEBE}.Debug|Any CPU.Build.0 = Debug|Any CPU
		{F8FCE306-679B-4935-8B7E-2D0EB2E3BEBE}.Release|Any CPU.ActiveCfg = Release|Any CPU
		{F8FCE306-679B-4935-8B7E-2D0EB2E3BEBE}.Release|Any CPU.Build.0 = Release|Any CPU
		{7159BB5B-84EF-4EFF-8B11-894B5A5CBD0B}.Debug|Any CPU.ActiveCfg = Debug|Any CPU
		{7159BB5B-84EF-4EFF-8B11-894B5A5CBD0B}.Debug|Any CPU.Build.0 = Debug|Any CPU
		{7159BB5B-84EF-4EFF-8B11-894B5A5CBD0B}.Release|Any CPU.ActiveCfg = Release|Any CPU
		{7159BB5B-84EF-4EFF-8B11-894B5A5CBD0B}.Release|Any CPU.Build.0 = Release|Any CPU
		{B1122CD4-183E-481D-BBE9-0400DC9BDBD6}.Debug|Any CPU.ActiveCfg = Debug|Any CPU
		{B1122CD4-183E-481D-BBE9-0400DC9BDBD6}.Debug|Any CPU.Build.0 = Debug|Any CPU
		{B1122CD4-183E-481D-BBE9-0400DC9BDBD6}.Release|Any CPU.ActiveCfg = Release|Any CPU
		{B1122CD4-183E-481D-BBE9-0400DC9BDBD6}.Release|Any CPU.Build.0 = Release|Any CPU
		{786F1C02-83ED-49DE-8350-FA3D29AEC506}.Debug|Any CPU.ActiveCfg = Debug|Any CPU
		{786F1C02-83ED-49DE-8350-FA3D29AEC506}.Debug|Any CPU.Build.0 = Debug|Any CPU
		{786F1C02-83ED-49DE-8350-FA3D29AEC506}.Release|Any CPU.ActiveCfg = Release|Any CPU
		{786F1C02-83ED-49DE-8350-FA3D29AEC506}.Release|Any CPU.Build.0 = Release|Any CPU
		{7F940ABF-4723-4A7D-B11A-CA01043FCFBD}.Debug|Any CPU.ActiveCfg = Debug|Any CPU
		{7F940ABF-4723-4A7D-B11A-CA01043FCFBD}.Debug|Any CPU.Build.0 = Debug|Any CPU
		{7F940ABF-4723-4A7D-B11A-CA01043FCFBD}.Release|Any CPU.ActiveCfg = Release|Any CPU
		{7F940ABF-4723-4A7D-B11A-CA01043FCFBD}.Release|Any CPU.Build.0 = Release|Any CPU
		{0A304E30-F73A-449B-B2C1-8AE5968DE880}.Debug|Any CPU.ActiveCfg = Debug|Any CPU
		{0A304E30-F73A-449B-B2C1-8AE5968DE880}.Debug|Any CPU.Build.0 = Debug|Any CPU
		{0A304E30-F73A-449B-B2C1-8AE5968DE880}.Release|Any CPU.ActiveCfg = Release|Any CPU
		{0A304E30-F73A-449B-B2C1-8AE5968DE880}.Release|Any CPU.Build.0 = Release|Any CPU
		{6575130B-127F-4AFB-8CDA-FDA90418324A}.Debug|Any CPU.ActiveCfg = Debug|Any CPU
		{6575130B-127F-4AFB-8CDA-FDA90418324A}.Debug|Any CPU.Build.0 = Debug|Any CPU
		{6575130B-127F-4AFB-8CDA-FDA90418324A}.Release|Any CPU.ActiveCfg = Release|Any CPU
		{6575130B-127F-4AFB-8CDA-FDA90418324A}.Release|Any CPU.Build.0 = Release|Any CPU
		{5AA42C79-B8AF-4833-99B4-92D9F2FCF4F0}.Debug|Any CPU.ActiveCfg = Debug|Any CPU
		{5AA42C79-B8AF-4833-99B4-92D9F2FCF4F0}.Debug|Any CPU.Build.0 = Debug|Any CPU
		{5AA42C79-B8AF-4833-99B4-92D9F2FCF4F0}.Release|Any CPU.ActiveCfg = Release|Any CPU
		{5AA42C79-B8AF-4833-99B4-92D9F2FCF4F0}.Release|Any CPU.Build.0 = Release|Any CPU
	EndGlobalSection
	GlobalSection(SolutionProperties) = preSolution
		HideSolutionNode = FALSE
	EndGlobalSection
	GlobalSection(ExtensibilityGlobals) = postSolution
		SolutionGuid = {84E72D10-3830-4AFA-91F0-FD4AC76D4F36}
	EndGlobalSection
EndGlobal
